
Microsoft Visual Studio Solution File, Format Version 12.00
# Visual Studio Version 17
VisualStudioVersion = 17.4.33205.214
MinimumVisualStudioVersion = 10.0.40219.1
Project("{FAE04EC0-301F-11D3-BF4B-00C04F79EFBC}") = "BooksShopFrame", "BooksShopFrame\BooksShopFrame.csproj", "{CC34ECD6-C596-4ED9-B3FE-AD3A3147AAC1}"
EndProject
Project("{FAE04EC0-301F-11D3-BF4B-00C04F79EFBC}") = "BLL", "BLL\BLL.csproj", "{9046339B-AFA3-43BE-8147-085B66EDD8DB}"
EndProject
Project("{FAE04EC0-301F-11D3-BF4B-00C04F79EFBC}") = "DAL", "DAL\DAL.csproj", "{23FE8F1D-65D2-4EAD-9430-14E168B95092}"
EndProject
Global
	GlobalSection(SolutionConfigurationPlatforms) = preSolution
		Debug|Any CPU = Debug|Any CPU
		Release|Any CPU = Release|Any CPU
	EndGlobalSection
	GlobalSection(ProjectConfigurationPlatforms) = postSolution
		{CC34ECD6-C596-4ED9-B3FE-AD3A3147AAC1}.Debug|Any CPU.ActiveCfg = Debug|Any CPU
		{CC34ECD6-C596-4ED9-B3FE-AD3A3147AAC1}.Debug|Any CPU.Build.0 = Debug|Any CPU
		{CC34ECD6-C596-4ED9-B3FE-AD3A3147AAC1}.Release|Any CPU.ActiveCfg = Release|Any CPU
		{CC34ECD6-C596-4ED9-B3FE-AD3A3147AAC1}.Release|Any CPU.Build.0 = Release|Any CPU
		{9046339B-AFA3-43BE-8147-085B66EDD8DB}.Debug|Any CPU.ActiveCfg = Debug|Any CPU
		{9046339B-AFA3-43BE-8147-085B66EDD8DB}.Debug|Any CPU.Build.0 = Debug|Any CPU
		{9046339B-AFA3-43BE-8147-085B66EDD8DB}.Release|Any CPU.ActiveCfg = Release|Any CPU
		{9046339B-AFA3-43BE-8147-085B66EDD8DB}.Release|Any CPU.Build.0 = Release|Any CPU
		{23FE8F1D-65D2-4EAD-9430-14E168B95092}.Debug|Any CPU.ActiveCfg = Debug|Any CPU
		{23FE8F1D-65D2-4EAD-9430-14E168B95092}.Debug|Any CPU.Build.0 = Debug|Any CPU
		{23FE8F1D-65D2-4EAD-9430-14E168B95092}.Release|Any CPU.ActiveCfg = Release|Any CPU
		{23FE8F1D-65D2-4EAD-9430-14E168B95092}.Release|Any CPU.Build.0 = Release|Any CPU
	EndGlobalSection
	GlobalSection(SolutionProperties) = preSolution
		HideSolutionNode = FALSE
	EndGlobalSection
	GlobalSection(ExtensibilityGlobals) = postSolution
		SolutionGuid = {5E31BEC1-08EA-4C81-B449-B421400D8B5D}
	EndGlobalSection
EndGlobal
